{
  "nodes": {
    "home-manager": {
      "inputs": {
        "nixpkgs": [
          "nixpkgs"
        ]
      },
      "locked": {
        "lastModified": 1690476848,
        "narHash": "sha256-PSmzyuEbMxEn2uwwLYUN2l1psoJXb7jm/kfHD12Sq0k=",
        "owner": "nix-community",
        "repo": "home-manager",
        "rev": "8d243f7da13d6ee32f722a3f1afeced150b6d4da",
        "type": "github"
      },
      "original": {
        "owner": "nix-community",
        "repo": "home-manager",
        "type": "github"
      }
    },
    "nixpkgs": {
      "locked": {
        "lastModified": 1690510391,
        "narHash": "sha256-Df5Rd40afsqFzaZ/kUWNoVxHFKmuGO4UI/bbxwlRcDY=",
        "owner": "NixOS",
        "repo": "nixpkgs",
        "rev": "f68a459f743733d53a0f5f9ce4b7b70eea5f8722",
        "type": "github"
      },
      "original": {
        "id": "nixpkgs",
        "type": "indirect"
      }
    },
    "root": {
      "inputs": {
        "home-manager": "home-manager",
        "nixpkgs": "nixpkgs"
      }
    }
  },
  "root": "root",
  "version": 7
}
